// !$*UTF8*$!
{
	archiveVersion = 1;
	classes = {
	};
	objectVersion = 56;
	objects = {

/* Begin PBXBuildFile section */
		4BD8BC5928D49EC900774114 /* AppDelegate.swift in Sources */ = {isa = PBXBuildFile; fileRef = 4BD8BC5828D49EC900774114 /* AppDelegate.swift */; };
		4BD8BC5D28D49EC900774114 /* ViewController.swift in Sources */ = {isa = PBXBuildFile; fileRef = 4BD8BC5C28D49EC900774114 /* ViewController.swift */; };
		4BD8BC6228D49EC900774114 /* Assets.xcassets in Resources */ = {isa = PBXBuildFile; fileRef = 4BD8BC6128D49EC900774114 /* Assets.xcassets */; };
		4BD8BC6528D49EC900774114 /* LaunchScreen.storyboard in Resources */ = {isa = PBXBuildFile; fileRef = 4BD8BC6328D49EC900774114 /* LaunchScreen.storyboard */; };
		4BD8BC7B28D4A0F900774114 /* Label.swift in Sources */ = {isa = PBXBuildFile; fileRef = 4BD8BC7528D4A0F900774114 /* Label.swift */; };
		4BD8BC7C28D4A0F900774114 /* CMSampleBufferExtension.swift in Sources */ = {isa = PBXBuildFile; fileRef = 4BD8BC7628D4A0F900774114 /* CMSampleBufferExtension.swift */; };
		4BD8BC7D28D4A0F900774114 /* CVPixelBufferExtension.swift in Sources */ = {isa = PBXBuildFile; fileRef = 4BD8BC7728D4A0F900774114 /* CVPixelBufferExtension.swift */; };
		4BD8BC7E28D4A0F900774114 /* ImageView.swift in Sources */ = {isa = PBXBuildFile; fileRef = 4BD8BC7828D4A0F900774114 /* ImageView.swift */; };
		4BD8BC7F28D4A0F900774114 /* SecureImageView.swift in Sources */ = {isa = PBXBuildFile; fileRef = 4BD8BC7928D4A0F900774114 /* SecureImageView.swift */; };
		4BD8BC8028D4A0F900774114 /* SecureLabel.swift in Sources */ = {isa = PBXBuildFile; fileRef = 4BD8BC7A28D4A0F900774114 /* SecureLabel.swift */; };
		4BD8BC8228D4B27F00774114 /* Extension.swift in Sources */ = {isa = PBXBuildFile; fileRef = 4BD8BC8128D4B27F00774114 /* Extension.swift */; };
/* End PBXBuildFile section */

/* Begin PBXFileReference section */
		4BD8BC5528D49EC900774114 /* CapturePreventionKitDemo.app */ = {isa = PBXFileReference; explicitFileType = wrapper.application; includeInIndex = 0; path = CapturePreventionKitDemo.app; sourceTree = BUILT_PRODUCTS_DIR; };
		4BD8BC5828D49EC900774114 /* AppDelegate.swift */ = {isa = PBXFileReference; lastKnownFileType = sourcecode.swift; path = AppDelegate.swift; sourceTree = "<group>"; };
		4BD8BC5C28D49EC900774114 /* ViewController.swift */ = {isa = PBXFileReference; lastKnownFileType = sourcecode.swift; path = ViewController.swift; sourceTree = "<group>"; };
		4BD8BC6128D49EC900774114 /* Assets.xcassets */ = {isa = PBXFileReference; lastKnownFileType = folder.assetcatalog; path = Assets.xcassets; sourceTree = "<group>"; };
		4BD8BC6428D49EC900774114 /* Base */ = {isa = PBXFileReference; lastKnownFileType = file.storyboard; name = Base; path = Base.lproj/LaunchScreen.storyboard; sourceTree = "<group>"; };
		4BD8BC6628D49EC900774114 /* Info.plist */ = {isa = PBXFileReference; lastKnownFileType = text.plist.xml; path = Info.plist; sourceTree = "<group>"; };
		4BD8BC7528D4A0F900774114 /* Label.swift */ = {isa = PBXFileReference; fileEncoding = 4; lastKnownFileType = sourcecode.swift; path = Label.swift; sourceTree = "<group>"; };
		4BD8BC7628D4A0F900774114 /* CMSampleBufferExtension.swift */ = {isa = PBXFileReference; fileEncoding = 4; lastKnownFileType = sourcecode.swift; path = CMSampleBufferExtension.swift; sourceTree = "<group>"; };
		4BD8BC7728D4A0F900774114 /* CVPixelBufferExtension.swift */ = {isa = PBXFileReference; fileEncoding = 4; lastKnownFileType = sourcecode.swift; path = CVPixelBufferExtension.swift; sourceTree = "<group>"; };
		4BD8BC7828D4A0F900774114 /* ImageView.swift */ = {isa = PBXFileReference; fileEncoding = 4; lastKnownFileType = sourcecode.swift; path = ImageView.swift; sourceTree = "<group>"; };
		4BD8BC7928D4A0F900774114 /* SecureImageView.swift */ = {isa = PBXFileReference; fileEncoding = 4; lastKnownFileType = sourcecode.swift; path = SecureImageView.swift; sourceTree = "<group>"; };
		4BD8BC7A28D4A0F900774114 /* SecureLabel.swift */ = {isa = PBXFileReference; fileEncoding = 4; lastKnownFileType = sourcecode.swift; path = SecureLabel.swift; sourceTree = "<group>"; };
		4BD8BC8128D4B27F00774114 /* Extension.swift */ = {isa = PBXFileReference; lastKnownFileType = sourcecode.swift; path = Extension.swift; sourceTree = "<group>"; };
/* End PBXFileReference section */

/* Begin PBXFrameworksBuildPhase section */
		4BD8BC5228D49EC900774114 /* Frameworks */ = {
			isa = PBXFrameworksBuildPhase;
			buildActionMask = 2147483647;
			files = (
			);
			runOnlyForDeploymentPostprocessing = 0;
		};
/* End PBXFrameworksBuildPhase section */

/* Begin PBXGroup section */
		4BD8BC4C28D49EC900774114 = {
			isa = PBXGroup;
			children = (
				4BD8BC5728D49EC900774114 /* CapturePreventionKitDemo */,
				4BD8BC5628D49EC900774114 /* Products */,
			);
			sourceTree = "<group>";
		};
		4BD8BC5628D49EC900774114 /* Products */ = {
			isa = PBXGroup;
			children = (
				4BD8BC5528D49EC900774114 /* CapturePreventionKitDemo.app */,
			);
			name = Products;
			sourceTree = "<group>";
		};
		4BD8BC5728D49EC900774114 /* CapturePreventionKitDemo */ = {
			isa = PBXGroup;
			children = (
				4BD8BC7328D4A0F900774114 /* CapturePreventionKit */,
				4BD8BC8128D4B27F00774114 /* Extension.swift */,
				4BD8BC5C28D49EC900774114 /* ViewController.swift */,
				4BD8BC5828D49EC900774114 /* AppDelegate.swift */,
				4BD8BC6128D49EC900774114 /* Assets.xcassets */,
				4BD8BC6328D49EC900774114 /* LaunchScreen.storyboard */,
				4BD8BC6628D49EC900774114 /* Info.plist */,
			);
			path = CapturePreventionKitDemo;
			sourceTree = "<group>";
		};
		4BD8BC7328D4A0F900774114 /* CapturePreventionKit */ = {
			isa = PBXGroup;
			children = (
				4BD8BC7428D4A0F900774114 /* Internal */,
				4BD8BC7928D4A0F900774114 /* SecureImageView.swift */,
				4BD8BC7A28D4A0F900774114 /* SecureLabel.swift */,
			);
			name = CapturePreventionKit;
			path = ../../Sources/CapturePreventionKit;
			sourceTree = "<group>";
		};
		4BD8BC7428D4A0F900774114 /* Internal */ = {
			isa = PBXGroup;
			children = (
				4BD8BC7528D4A0F900774114 /* Label.swift */,
				4BD8BC7628D4A0F900774114 /* CMSampleBufferExtension.swift */,
				4BD8BC7728D4A0F900774114 /* CVPixelBufferExtension.swift */,
				4BD8BC7828D4A0F900774114 /* ImageView.swift */,
			);
			path = Internal;
			sourceTree = "<group>";
		};
/* End PBXGroup section */

/* Begin PBXNativeTarget section */
		4BD8BC5428D49EC900774114 /* CapturePreventionKitDemo */ = {
			isa = PBXNativeTarget;
			buildConfigurationList = 4BD8BC6928D49EC900774114 /* Build configuration list for PBXNativeTarget "CapturePreventionKitDemo" */;
			buildPhases = (
				4BD8BC5128D49EC900774114 /* Sources */,
				4BD8BC5228D49EC900774114 /* Frameworks */,
				4BD8BC5328D49EC900774114 /* Resources */,
			);
			buildRules = (
			);
			dependencies = (
			);
			name = CapturePreventionKitDemo;
			productName = CapturePreventionKitDemo;
			productReference = 4BD8BC5528D49EC900774114 /* CapturePreventionKitDemo.app */;
			productType = "com.apple.product-type.application";
		};
/* End PBXNativeTarget section */

/* Begin PBXProject section */
		4BD8BC4D28D49EC900774114 /* Project object */ = {
			isa = PBXProject;
			attributes = {
				BuildIndependentTargetsInParallel = 1;
				LastSwiftUpdateCheck = 1400;
				LastUpgradeCheck = 1400;
				TargetAttributes = {
					4BD8BC5428D49EC900774114 = {
						CreatedOnToolsVersion = 14.0;
					};
				};
			};
			buildConfigurationList = 4BD8BC5028D49EC900774114 /* Build configuration list for PBXProject "CapturePreventionKitDemo" */;
			compatibilityVersion = "Xcode 14.0";
			developmentRegion = en;
			hasScannedForEncodings = 0;
			knownRegions = (
				en,
				Base,
			);
			mainGroup = 4BD8BC4C28D49EC900774114;
			productRefGroup = 4BD8BC5628D49EC900774114 /* Products */;
			projectDirPath = "";
			projectRoot = "";
			targets = (
				4BD8BC5428D49EC900774114 /* CapturePreventionKitDemo */,
			);
		};
/* End PBXProject section */

/* Begin PBXResourcesBuildPhase section */
		4BD8BC5328D49EC900774114 /* Resources */ = {
			isa = PBXResourcesBuildPhase;
			buildActionMask = 2147483647;
			files = (
				4BD8BC6528D49EC900774114 /* LaunchScreen.storyboard in Resources */,
				4BD8BC6228D49EC900774114 /* Assets.xcassets in Resources */,
			);
			runOnlyForDeploymentPostprocessing = 0;
		};
/* End PBXResourcesBuildPhase section */

/* Begin PBXSourcesBuildPhase section */
		4BD8BC5128D49EC900774114 /* Sources */ = {
			isa = PBXSourcesBuildPhase;
			buildActionMask = 2147483647;
			files = (
				4BD8BC8228D4B27F00774114 /* Extension.swift in Sources */,
				4BD8BC5D28D49EC900774114 /* ViewController.swift in Sources */,
				4BD8BC7C28D4A0F900774114 /* CMSampleBufferExtension.swift in Sources */,
				4BD8BC5928D49EC900774114 /* AppDelegate.swift in Sources */,
				4BD8BC7B28D4A0F900774114 /* Label.swift in Sources */,
				4BD8BC7F28D4A0F900774114 /* SecureImageView.swift in Sources */,
				4BD8BC8028D4A0F900774114 /* SecureLabel.swift in Sources */,
				4BD8BC7E28D4A0F900774114 /* ImageView.swift in Sources */,
				4BD8BC7D28D4A0F900774114 /* CVPixelBufferExtension.swift in Sources */,
			);
			runOnlyForDeploymentPostprocessing = 0;
		};
/* End PBXSourcesBuildPhase section */

/* Begin PBXVariantGroup section */
		4BD8BC6328D49EC900774114 /* LaunchScreen.storyboard */ = {
			isa = PBXVariantGroup;
			children = (
				4BD8BC6428D49EC900774114 /* Base */,
			);
			name = LaunchScreen.storyboard;
			sourceTree = "<group>";
		};
/* End PBXVariantGroup section */

/* Begin XCBuildConfiguration section */
		4BD8BC6728D49EC900774114 /* Debug */ = {
			isa = XCBuildConfiguration;
			buildSettings = {
				ALWAYS_SEARCH_USER_PATHS = NO;
				CLANG_ANALYZER_NONNULL = YES;
				CLANG_ANALYZER_NUMBER_OBJECT_CONVERSION = YES_AGGRESSIVE;
				CLANG_CXX_LANGUAGE_STANDARD = "gnu++20";
				CLANG_ENABLE_MODULES = YES;
				CLANG_ENABLE_OBJC_ARC = YES;
				CLANG_ENABLE_OBJC_WEAK = YES;
				CLANG_WARN_BLOCK_CAPTURE_AUTORELEASING = YES;
				CLANG_WARN_BOOL_CONVERSION = YES;
				CLANG_WARN_COMMA = YES;
				CLANG_WARN_CONSTANT_CONVERSION = YES;
				CLANG_WARN_DEPRECATED_OBJC_IMPLEMENTATIONS = YES;
				CLANG_WARN_DIRECT_OBJC_ISA_USAGE = YES_ERROR;
				CLANG_WARN_DOCUMENTATION_COMMENTS = YES;
				CLANG_WARN_EMPTY_BODY = YES;
				CLANG_WARN_ENUM_CONVERSION = YES;
				CLANG_WARN_INFINITE_RECURSION = YES;
				CLANG_WARN_INT_CONVERSION = YES;
				CLANG_WARN_NON_LITERAL_NULL_CONVERSION = YES;
				CLANG_WARN_OBJC_IMPLICIT_RETAIN_SELF = YES;
				CLANG_WARN_OBJC_LITERAL_CONVERSION = YES;
				CLANG_WARN_OBJC_ROOT_CLASS = YES_ERROR;
				CLANG_WARN_QUOTED_INCLUDE_IN_FRAMEWORK_HEADER = YES;
				CLANG_WARN_RANGE_LOOP_ANALYSIS = YES;
				CLANG_WARN_STRICT_PROTOTYPES = YES;
				CLANG_WARN_SUSPICIOUS_MOVE = YES;
				CLANG_WARN_UNGUARDED_AVAILABILITY = YES_AGGRESSIVE;
				CLANG_WARN_UNREACHABLE_CODE = YES;
				CLANG_WARN__DUPLICATE_METHOD_MATCH = YES;
				COPY_PHASE_STRIP = NO;
				DEBUG_INFORMATION_FORMAT = dwarf;
				ENABLE_STRICT_OBJC_MSGSEND = YES;
				ENABLE_TESTABILITY = YES;
				GCC_C_LANGUAGE_STANDARD = gnu11;
				GCC_DYNAMIC_NO_PIC = NO;
				GCC_NO_COMMON_BLOCKS = YES;
				GCC_OPTIMIZATION_LEVEL = 0;
				GCC_PREPROCESSOR_DEFINITIONS = (
					"DEBUG=1",
					"$(inherited)",
				);
				GCC_WARN_64_TO_32_BIT_CONVERSION = YES;
				GCC_WARN_ABOUT_RETURN_TYPE = YES_ERROR;
				GCC_WARN_UNDECLARED_SELECTOR = YES;
				GCC_WARN_UNINITIALIZED_AUTOS = YES_AGGRESSIVE;
				GCC_WARN_UNUSED_FUNCTION = YES;
				GCC_WARN_UNUSED_VARIABLE = YES;
				IPHONEOS_DEPLOYMENT_TARGET = 13.0;
				MTL_ENABLE_DEBUG_INFO = INCLUDE_SOURCE;
				MTL_FAST_MATH = YES;
				ONLY_ACTIVE_ARCH = YES;
				SDKROOT = iphoneos;
				SWIFT_ACTIVE_COMPILATION_CONDITIONS = DEBUG;
				SWIFT_OPTIMIZATION_LEVEL = "-Onone";
			};
			name = Debug;
		};
		4BD8BC6828D49EC900774114 /* Release */ = {
			isa = XCBuildConfiguration;
			buildSettings = {
				ALWAYS_SEARCH_USER_PATHS = NO;
				CLANG_ANALYZER_NONNULL = YES;
				CLANG_ANALYZER_NUMBER_OBJECT_CONVERSION = YES_AGGRESSIVE;
				CLANG_CXX_LANGUAGE_STANDARD = "gnu++20";
				CLANG_ENABLE_MODULES = YES;
				CLANG_ENABLE_OBJC_ARC = YES;
				CLANG_ENABLE_OBJC_WEAK = YES;
				CLANG_WARN_BLOCK_CAPTURE_AUTORELEASING = YES;
				CLANG_WARN_BOOL_CONVERSION = YES;
				CLANG_WARN_COMMA = YES;
				CLANG_WARN_CONSTANT_CONVERSION = YES;
				CLANG_WARN_DEPRECATED_OBJC_IMPLEMENTATIONS = YES;
				CLANG_WARN_DIRECT_OBJC_ISA_USAGE = YES_ERROR;
				CLANG_WARN_DOCUMENTATION_COMMENTS = YES;
				CLANG_WARN_EMPTY_BODY = YES;
				CLANG_WARN_ENUM_CONVERSION = YES;
				CLANG_WARN_INFINITE_RECURSION = YES;
				CLANG_WARN_INT_CONVERSION = YES;
				CLANG_WARN_NON_LITERAL_NULL_CONVERSION = YES;
				CLANG_WARN_OBJC_IMPLICIT_RETAIN_SELF = YES;
				CLANG_WARN_OBJC_LITERAL_CONVERSION = YES;
				CLANG_WARN_OBJC_ROOT_CLASS = YES_ERROR;
				CLANG_WARN_QUOTED_INCLUDE_IN_FRAMEWORK_HEADER = YES;
				CLANG_WARN_RANGE_LOOP_ANALYSIS = YES;
				CLANG_WARN_STRICT_PROTOTYPES = YES;
				CLANG_WARN_SUSPICIOUS_MOVE = YES;
				CLANG_WARN_UNGUARDED_AVAILABILITY = YES_AGGRESSIVE;
				CLANG_WARN_UNREACHABLE_CODE = YES;
				CLANG_WARN__DUPLICATE_METHOD_MATCH = YES;
				COPY_PHASE_STRIP = NO;
				DEBUG_INFORMATION_FORMAT = "dwarf-with-dsym";
				ENABLE_NS_ASSERTIONS = NO;
				ENABLE_STRICT_OBJC_MSGSEND = YES;
				GCC_C_LANGUAGE_STANDARD = gnu11;
				GCC_NO_COMMON_BLOCKS = YES;
				GCC_WARN_64_TO_32_BIT_CONVERSION = YES;
				GCC_WARN_ABOUT_RETURN_TYPE = YES_ERROR;
				GCC_WARN_UNDECLARED_SELECTOR = YES;
				GCC_WARN_UNINITIALIZED_AUTOS = YES_AGGRESSIVE;
				GCC_WARN_UNUSED_FUNCTION = YES;
				GCC_WARN_UNUSED_VARIABLE = YES;
				IPHONEOS_DEPLOYMENT_TARGET = 13.0;
				MTL_ENABLE_DEBUG_INFO = NO;
				MTL_FAST_MATH = YES;
				SDKROOT = iphoneos;
				SWIFT_COMPILATION_MODE = wholemodule;
				SWIFT_OPTIMIZATION_LEVEL = "-O";
				VALIDATE_PRODUCT = YES;
			};
			name = Release;
		};
		4BD8BC6A28D49EC900774114 /* Debug */ = {
			isa = XCBuildConfiguration;
			buildSettings = {
				ASSETCATALOG_COMPILER_APPICON_NAME = AppIcon;
				ASSETCATALOG_COMPILER_GLOBAL_ACCENT_COLOR_NAME = AccentColor;
				"CODE_SIGN_IDENTITY[sdk=iphoneos*]" = "iPhone Developer";
				CURRENT_PROJECT_VERSION = 1;
				"DEVELOPMENT_TEAM[sdk=iphoneos*]" = Y946E3857L;
				GENERATE_INFOPLIST_FILE = YES;
				INFOPLIST_FILE = CapturePreventionKitDemo/Info.plist;
				INFOPLIST_KEY_UIApplicationSupportsIndirectInputEvents = YES;
				INFOPLIST_KEY_UILaunchStoryboardName = LaunchScreen;
				INFOPLIST_KEY_UISupportedInterfaceOrientations_iPad = "UIInterfaceOrientationPortrait UIInterfaceOrientationPortraitUpsideDown UIInterfaceOrientationLandscapeLeft UIInterfaceOrientationLandscapeRight";
				INFOPLIST_KEY_UISupportedInterfaceOrientations_iPhone = "UIInterfaceOrientationPortrait UIInterfaceOrientationLandscapeLeft UIInterfaceOrientationLandscapeRight";
				LD_RUNPATH_SEARCH_PATHS = (
					"$(inherited)",
					"@executable_path/Frameworks",
				);
				MARKETING_VERSION = 1.0;
				PRODUCT_BUNDLE_IDENTIFIER = com.jsjung.CapturePreventionKitDemo;
				PRODUCT_NAME = "$(TARGET_NAME)";
				PROVISIONING_PROFILE_SPECIFIER = "";
				"PROVISIONING_PROFILE_SPECIFIER[sdk=iphoneos*]" = "SKHY MobilePlatform Wildcard";
				SWIFT_EMIT_LOC_STRINGS = YES;
				SWIFT_VERSION = 5.0;
				TARGETED_DEVICE_FAMILY = "1,2";
			};
			name = Debug;
		};
		4BD8BC6B28D49EC900774114 /* Release */ = {
			isa = XCBuildConfiguration;
			buildSettings = {
				ASSETCATALOG_COMPILER_APPICON_NAME = AppIcon;
				ASSETCATALOG_COMPILER_GLOBAL_ACCENT_COLOR_NAME = AccentColor;
				"CODE_SIGN_IDENTITY[sdk=iphoneos*]" = "iPhone Developer";
				CURRENT_PROJECT_VERSION = 1;
				"DEVELOPMENT_TEAM[sdk=iphoneos*]" = Y946E3857L;
				GENERATE_INFOPLIST_FILE = YES;
				INFOPLIST_FILE = CapturePreventionKitDemo/Info.plist;
				INFOPLIST_KEY_UIApplicationSupportsIndirectInputEvents = YES;
				INFOPLIST_KEY_UILaunchStoryboardName = LaunchScreen;
				INFOPLIST_KEY_UISupportedInterfaceOrientations_iPad = "UIInterfaceOrientationPortrait UIInterfaceOrientationPortraitUpsideDown UIInterfaceOrientationLandscapeLeft UIInterfaceOrientationLandscapeRight";
				INFOPLIST_KEY_UISupportedInterfaceOrientations_iPhone = "UIInterfaceOrientationPortrait UIInterfaceOrientationLandscapeLeft UIInterfaceOrientationLandscapeRight";
				LD_RUNPATH_SEARCH_PATHS = (
					"$(inherited)",
					"@executable_path/Frameworks",
				);
				MARKETING_VERSION = 1.0;
				PRODUCT_BUNDLE_IDENTIFIER = com.jsjung.CapturePreventionKitDemo;
				PRODUCT_NAME = "$(TARGET_NAME)";
				PROVISIONING_PROFILE_SPECIFIER = "";
				"PROVISIONING_PROFILE_SPECIFIER[sdk=iphoneos*]" = "SKHY MobilePlatform Wildcard";
				SWIFT_EMIT_LOC_STRINGS = YES;
				SWIFT_VERSION = 5.0;
				TARGETED_DEVICE_FAMILY = "1,2";
			};
			name = Release;
		};
/* End XCBuildConfiguration section */

/* Begin XCConfigurationList section */
		4BD8BC5028D49EC900774114 /* Build configuration list for PBXProject "CapturePreventionKitDemo" */ = {
			isa = XCConfigurationList;
			buildConfigurations = (
				4BD8BC6728D49EC900774114 /* Debug */,
				4BD8BC6828D49EC900774114 /* Release */,
			);
			defaultConfigurationIsVisible = 0;
			defaultConfigurationName = Release;
		};
		4BD8BC6928D49EC900774114 /* Build configuration list for PBXNativeTarget "CapturePreventionKitDemo" */ = {
			isa = XCConfigurationList;
			buildConfigurations = (
				4BD8BC6A28D49EC900774114 /* Debug */,
				4BD8BC6B28D49EC900774114 /* Release */,
			);
			defaultConfigurationIsVisible = 0;
			defaultConfigurationName = Release;
		};
/* End XCConfigurationList section */
	};
	rootObject = 4BD8BC4D28D49EC900774114 /* Project object */;
}
